// !$*UTF8*$!
{
	archiveVersion = 1;
	classes = {
	};
	objectVersion = 54;
	objects = {

/* Begin PBXBuildFile section */
		13B07FBC1A68108700A75B9A /* AppDelegate.mm in Sources */ = {isa = PBXBuildFile; fileRef = 13B07FB01A68108700A75B9A /* AppDelegate.mm */; };
		13B07FBF1A68108700A75B9A /* Images.xcassets in Resources */ = {isa = PBXBuildFile; fileRef = 13B07FB51A68108700A75B9A /* Images.xcassets */; };
		13B07FC11A68108700A75B9A /* main.m in Sources */ = {isa = PBXBuildFile; fileRef = 13B07FB71A68108700A75B9A /* main.m */; };
		3E461D99554A48A4959DE609 /* SplashScreen.storyboard in Resources */ = {isa = PBXBuildFile; fileRef = AA286B85B6C04FC6940260E9 /* SplashScreen.storyboard */; };
		9326698F2B404E4400EAD8F9 /* AIRDummyView.m in Sources */ = {isa = PBXBuildFile; fileRef = 932669582B404E4400EAD8F9 /* AIRDummyView.m */; };
		932669902B404E4400EAD8F9 /* AIRGoogleMapUrlTile.m in Sources */ = {isa = PBXBuildFile; fileRef = 9326695C2B404E4400EAD8F9 /* AIRGoogleMapUrlTile.m */; };
		932669912B404E4400EAD8F9 /* AIRGoogleMapPolygonManager.m in Sources */ = {isa = PBXBuildFile; fileRef = 9326695F2B404E4400EAD8F9 /* AIRGoogleMapPolygonManager.m */; };
		932669922B404E4400EAD8F9 /* AIRGoogleMapMarker.m in Sources */ = {isa = PBXBuildFile; fileRef = 932669622B404E4400EAD8F9 /* AIRGoogleMapMarker.m */; };
		932669932B404E4400EAD8F9 /* AIRGMSPolygon.m in Sources */ = {isa = PBXBuildFile; fileRef = 932669662B404E4400EAD8F9 /* AIRGMSPolygon.m */; };
		932669942B404E4400EAD8F9 /* AIRGoogleMapURLTileManager.m in Sources */ = {isa = PBXBuildFile; fileRef = 932669672B404E4400EAD8F9 /* AIRGoogleMapURLTileManager.m */; };
		932669952B404E4400EAD8F9 /* AIRGoogleMapWMSTileManager.m in Sources */ = {isa = PBXBuildFile; fileRef = 932669682B404E4400EAD8F9 /* AIRGoogleMapWMSTileManager.m */; };
		932669962B404E4400EAD8F9 /* AIRGoogleMapCircle.m in Sources */ = {isa = PBXBuildFile; fileRef = 932669692B404E4400EAD8F9 /* AIRGoogleMapCircle.m */; };
		932669972B404E4400EAD8F9 /* AIRGoogleMapCircleManager.m in Sources */ = {isa = PBXBuildFile; fileRef = 932669712B404E4400EAD8F9 /* AIRGoogleMapCircleManager.m */; };
		932669982B404E4400EAD8F9 /* AIRGoogleMapCalloutManager.m in Sources */ = {isa = PBXBuildFile; fileRef = 932669732B404E4400EAD8F9 /* AIRGoogleMapCalloutManager.m */; };
		932669992B404E4400EAD8F9 /* AIRGoogleMapMarkerManager.m in Sources */ = {isa = PBXBuildFile; fileRef = 932669742B404E4400EAD8F9 /* AIRGoogleMapMarkerManager.m */; };
		9326699A2B404E4400EAD8F9 /* AIRGoogleMapPolyline.m in Sources */ = {isa = PBXBuildFile; fileRef = 932669762B404E4400EAD8F9 /* AIRGoogleMapPolyline.m */; };
		9326699B2B404E4400EAD8F9 /* AIRGoogleMapHeatmapManager.m in Sources */ = {isa = PBXBuildFile; fileRef = 932669772B404E4400EAD8F9 /* AIRGoogleMapHeatmapManager.m */; };
		9326699C2B404E4400EAD8F9 /* AIRGoogleMapWMSTile.m in Sources */ = {isa = PBXBuildFile; fileRef = 932669782B404E4400EAD8F9 /* AIRGoogleMapWMSTile.m */; };
		9326699D2B404E4400EAD8F9 /* AIRGoogleMapOverlay.m in Sources */ = {isa = PBXBuildFile; fileRef = 9326697B2B404E4400EAD8F9 /* AIRGoogleMapOverlay.m */; };
		9326699E2B404E4400EAD8F9 /* AIRGMSPolyline.m in Sources */ = {isa = PBXBuildFile; fileRef = 9326697C2B404E4400EAD8F9 /* AIRGMSPolyline.m */; };
		9326699F2B404E4400EAD8F9 /* AIRGoogleMapPolylineManager.m in Sources */ = {isa = PBXBuildFile; fileRef = 9326697D2B404E4400EAD8F9 /* AIRGoogleMapPolylineManager.m */; };
		932669A02B404E4400EAD8F9 /* AIRGoogleMapManager.m in Sources */ = {isa = PBXBuildFile; fileRef = 9326697E2B404E4400EAD8F9 /* AIRGoogleMapManager.m */; };
		932669A12B404E4400EAD8F9 /* RCTConvert+GMSMapViewType.m in Sources */ = {isa = PBXBuildFile; fileRef = 932669812B404E4400EAD8F9 /* RCTConvert+GMSMapViewType.m */; };
		932669A22B404E4400EAD8F9 /* AIRGoogleMapCalloutSubviewManager.m in Sources */ = {isa = PBXBuildFile; fileRef = 932669822B404E4400EAD8F9 /* AIRGoogleMapCalloutSubviewManager.m */; };
		932669A32B404E4400EAD8F9 /* AIRGoogleMapCallout.m in Sources */ = {isa = PBXBuildFile; fileRef = 932669832B404E4400EAD8F9 /* AIRGoogleMapCallout.m */; };
		932669A42B404E4400EAD8F9 /* AIRGoogleMapOverlayManager.m in Sources */ = {isa = PBXBuildFile; fileRef = 932669842B404E4400EAD8F9 /* AIRGoogleMapOverlayManager.m */; };
		932669A52B404E4400EAD8F9 /* AIRGoogleMapHeatmap.m in Sources */ = {isa = PBXBuildFile; fileRef = 932669852B404E4400EAD8F9 /* AIRGoogleMapHeatmap.m */; };
		932669A62B404E4400EAD8F9 /* AIRGoogleMap.m in Sources */ = {isa = PBXBuildFile; fileRef = 932669862B404E4400EAD8F9 /* AIRGoogleMap.m */; };
		932669A72B404E4400EAD8F9 /* AIRGoogleMapPolygon.m in Sources */ = {isa = PBXBuildFile; fileRef = 9326698B2B404E4400EAD8F9 /* AIRGoogleMapPolygon.m */; };
		932669A82B404E4400EAD8F9 /* AIRGMSMarker.m in Sources */ = {isa = PBXBuildFile; fileRef = 9326698C2B404E4400EAD8F9 /* AIRGMSMarker.m */; };
		932669A92B404E4400EAD8F9 /* AIRGoogleMapCalloutSubview.m in Sources */ = {isa = PBXBuildFile; fileRef = 9326698D2B404E4400EAD8F9 /* AIRGoogleMapCalloutSubview.m */; };
		932669EB2B404E5500EAD8F9 /* AIRMapCalloutManager.m in Sources */ = {isa = PBXBuildFile; fileRef = 932669AF2B404E5500EAD8F9 /* AIRMapCalloutManager.m */; };
		932669EC2B404E5500EAD8F9 /* AIRMapUrlTileCachedOverlay.m in Sources */ = {isa = PBXBuildFile; fileRef = 932669B62B404E5500EAD8F9 /* AIRMapUrlTileCachedOverlay.m */; };
		932669ED2B404E5500EAD8F9 /* AIRMapLocalTile.m in Sources */ = {isa = PBXBuildFile; fileRef = 932669B82B404E5500EAD8F9 /* AIRMapLocalTile.m */; };
		932669EE2B404E5500EAD8F9 /* AIRMapMarkerManager.m in Sources */ = {isa = PBXBuildFile; fileRef = 932669BB2B404E5500EAD8F9 /* AIRMapMarkerManager.m */; };
		932669EF2B404E5500EAD8F9 /* AIRMapUrlTile.m in Sources */ = {isa = PBXBuildFile; fileRef = 932669BD2B404E5500EAD8F9 /* AIRMapUrlTile.m */; };
		932669F02B404E5500EAD8F9 /* AIRMapPolylineRenderer.m in Sources */ = {isa = PBXBuildFile; fileRef = 932669BE2B404E5500EAD8F9 /* AIRMapPolylineRenderer.m */; };
		932669F12B404E5500EAD8F9 /* AIRMapOverlayManager.m in Sources */ = {isa = PBXBuildFile; fileRef = 932669BF2B404E5500EAD8F9 /* AIRMapOverlayManager.m */; };
		932669F22B404E5500EAD8F9 /* AIRMapCoordinate.m in Sources */ = {isa = PBXBuildFile; fileRef = 932669C22B404E5500EAD8F9 /* AIRMapCoordinate.m */; };
		932669F32B404E5500EAD8F9 /* AIRMapCalloutSubview.m in Sources */ = {isa = PBXBuildFile; fileRef = 932669C42B404E5500EAD8F9 /* AIRMapCalloutSubview.m */; };
		932669F42B404E5500EAD8F9 /* AIRMapPolylineManager.m in Sources */ = {isa = PBXBuildFile; fileRef = 932669C82B404E5500EAD8F9 /* AIRMapPolylineManager.m */; };
		932669F52B404E5500EAD8F9 /* SMCalloutView.m in Sources */ = {isa = PBXBuildFile; fileRef = 932669CB2B404E5500EAD8F9 /* SMCalloutView.m */; };
		932669F62B404E5500EAD8F9 /* AIRMapLocalTileOverlay.m in Sources */ = {isa = PBXBuildFile; fileRef = 932669CD2B404E5500EAD8F9 /* AIRMapLocalTileOverlay.m */; };
		932669F72B404E5500EAD8F9 /* AIRWeakTimerReference.m in Sources */ = {isa = PBXBuildFile; fileRef = 932669CE2B404E5500EAD8F9 /* AIRWeakTimerReference.m */; };
		932669F82B404E5500EAD8F9 /* AIRMapCallout.m in Sources */ = {isa = PBXBuildFile; fileRef = 932669CF2B404E5500EAD8F9 /* AIRMapCallout.m */; };
		932669F92B404E5500EAD8F9 /* AIRMapLocalTileManager.m in Sources */ = {isa = PBXBuildFile; fileRef = 932669D02B404E5500EAD8F9 /* AIRMapLocalTileManager.m */; };
		932669FA2B404E5500EAD8F9 /* AIRMapPolyline.m in Sources */ = {isa = PBXBuildFile; fileRef = 932669D12B404E5500EAD8F9 /* AIRMapPolyline.m */; };
		932669FB2B404E5500EAD8F9 /* AIRWeakMapReference.m in Sources */ = {isa = PBXBuildFile; fileRef = 932669D32B404E5500EAD8F9 /* AIRWeakMapReference.m */; };
		932669FC2B404E5500EAD8F9 /* AIRMapCircleManager.m in Sources */ = {isa = PBXBuildFile; fileRef = 932669D52B404E5500EAD8F9 /* AIRMapCircleManager.m */; };
		932669FD2B404E5500EAD8F9 /* AIRMapMarker.m in Sources */ = {isa = PBXBuildFile; fileRef = 932669D62B404E5500EAD8F9 /* AIRMapMarker.m */; };
		932669FE2B404E5500EAD8F9 /* AIRMapPolygonManager.m in Sources */ = {isa = PBXBuildFile; fileRef = 932669D72B404E5500EAD8F9 /* AIRMapPolygonManager.m */; };
		932669FF2B404E5500EAD8F9 /* AIRMapPolygon.m in Sources */ = {isa = PBXBuildFile; fileRef = 932669D82B404E5500EAD8F9 /* AIRMapPolygon.m */; };
		93266A002B404E5500EAD8F9 /* AIRMap.m in Sources */ = {isa = PBXBuildFile; fileRef = 932669D92B404E5500EAD8F9 /* AIRMap.m */; };
		93266A012B404E5500EAD8F9 /* AIRMapCircle.m in Sources */ = {isa = PBXBuildFile; fileRef = 932669DB2B404E5500EAD8F9 /* AIRMapCircle.m */; };
		93266A022B404E5500EAD8F9 /* AIRMapWMSTile.m in Sources */ = {isa = PBXBuildFile; fileRef = 932669DD2B404E5500EAD8F9 /* AIRMapWMSTile.m */; };
		93266A032B404E5500EAD8F9 /* AIRMapCalloutSubviewManager.m in Sources */ = {isa = PBXBuildFile; fileRef = 932669E02B404E5500EAD8F9 /* AIRMapCalloutSubviewManager.m */; };
		93266A042B404E5500EAD8F9 /* AIRMapUrlTileManager.m in Sources */ = {isa = PBXBuildFile; fileRef = 932669E12B404E5500EAD8F9 /* AIRMapUrlTileManager.m */; };
		93266A052B404E5500EAD8F9 /* AIRMapWMSTileManager.m in Sources */ = {isa = PBXBuildFile; fileRef = 932669E32B404E5500EAD8F9 /* AIRMapWMSTileManager.m */; };
		93266A062B404E5500EAD8F9 /* AIRMapManager.m in Sources */ = {isa = PBXBuildFile; fileRef = 932669E62B404E5500EAD8F9 /* AIRMapManager.m */; };
		93266A072B404E5500EAD8F9 /* AIRMapOverlay.m in Sources */ = {isa = PBXBuildFile; fileRef = 932669E72B404E5500EAD8F9 /* AIRMapOverlay.m */; };
		93266A082B404E5500EAD8F9 /* AIRMapOverlayRenderer.m in Sources */ = {isa = PBXBuildFile; fileRef = 932669E82B404E5500EAD8F9 /* AIRMapOverlayRenderer.m */; };
		93266A092B404E5500EAD8F9 /* RCTConvert+AirMap.m in Sources */ = {isa = PBXBuildFile; fileRef = 932669EA2B404E5500EAD8F9 /* RCTConvert+AirMap.m */; };
		96905EF65AED1B983A6B3ABC /* libPods-luifleet.a in Frameworks */ = {isa = PBXBuildFile; fileRef = 58EEBF8E8E6FB1BC6CAF49B5 /* libPods-luifleet.a */; };
		B18059E884C0ABDD17F3DC3D /* ExpoModulesProvider.swift in Sources */ = {isa = PBXBuildFile; fileRef = FAC715A2D49A985799AEE119 /* ExpoModulesProvider.swift */; };
		BB2F792D24A3F905000567C9 /* Expo.plist in Resources */ = {isa = PBXBuildFile; fileRef = BB2F792C24A3F905000567C9 /* Expo.plist */; };
		EDCB070F6F4E473B984ECCC6 /* noop-file.swift in Sources */ = {isa = PBXBuildFile; fileRef = D3DFEB74929A46E0A33ADDAA /* noop-file.swift */; };
/* End PBXBuildFile section */

/* Begin PBXContainerItemProxy section */
		9303864F2B3F757B00709A38 /* PBXContainerItemProxy */ = {
			isa = PBXContainerItemProxy;
			containerPortal = 9303864B2B3F757B00709A38 /* AirMaps.xcodeproj */;
			proxyType = 2;
			remoteGlobalIDString = 11FA5C511C4A1296003AC2EE;
			remoteInfo = AirMaps;
		};
		93266A1D2B4065C300EAD8F9 /* PBXContainerItemProxy */ = {
			isa = PBXContainerItemProxy;
			containerPortal = 93266A112B40552F00EAD8F9 /* AirMaps.xcodeproj */;
			proxyType = 2;
			remoteGlobalIDString = 11FA5C511C4A1296003AC2EE;
			remoteInfo = AirMaps;
		};
/* End PBXContainerItemProxy section */

/* Begin PBXFileReference section */
		13B07F961A680F5B00A75B9A /* luifleet.app */ = {isa = PBXFileReference; explicitFileType = wrapper.application; includeInIndex = 0; path = luifleet.app; sourceTree = BUILT_PRODUCTS_DIR; };
		13B07FAF1A68108700A75B9A /* AppDelegate.h */ = {isa = PBXFileReference; fileEncoding = 4; lastKnownFileType = sourcecode.c.h; name = AppDelegate.h; path = luifleet/AppDelegate.h; sourceTree = "<group>"; };
		13B07FB01A68108700A75B9A /* AppDelegate.mm */ = {isa = PBXFileReference; fileEncoding = 4; lastKnownFileType = sourcecode.cpp.objcpp; name = AppDelegate.mm; path = luifleet/AppDelegate.mm; sourceTree = "<group>"; };
		13B07FB51A68108700A75B9A /* Images.xcassets */ = {isa = PBXFileReference; lastKnownFileType = folder.assetcatalog; name = Images.xcassets; path = luifleet/Images.xcassets; sourceTree = "<group>"; };
		13B07FB61A68108700A75B9A /* Info.plist */ = {isa = PBXFileReference; fileEncoding = 4; lastKnownFileType = text.plist.xml; name = Info.plist; path = luifleet/Info.plist; sourceTree = "<group>"; };
		13B07FB71A68108700A75B9A /* main.m */ = {isa = PBXFileReference; fileEncoding = 4; lastKnownFileType = sourcecode.c.objc; name = main.m; path = luifleet/main.m; sourceTree = "<group>"; };
		58EEBF8E8E6FB1BC6CAF49B5 /* libPods-luifleet.a */ = {isa = PBXFileReference; explicitFileType = archive.ar; includeInIndex = 0; path = "libPods-luifleet.a"; sourceTree = BUILT_PRODUCTS_DIR; };
		6C2E3173556A471DD304B334 /* Pods-luifleet.debug.xcconfig */ = {isa = PBXFileReference; includeInIndex = 1; lastKnownFileType = text.xcconfig; name = "Pods-luifleet.debug.xcconfig"; path = "Target Support Files/Pods-luifleet/Pods-luifleet.debug.xcconfig"; sourceTree = "<group>"; };
		7A4D352CD337FB3A3BF06240 /* Pods-luifleet.release.xcconfig */ = {isa = PBXFileReference; includeInIndex = 1; lastKnownFileType = text.xcconfig; name = "Pods-luifleet.release.xcconfig"; path = "Target Support Files/Pods-luifleet/Pods-luifleet.release.xcconfig"; sourceTree = "<group>"; };
		9303864B2B3F757B00709A38 /* AirMaps.xcodeproj */ = {isa = PBXFileReference; lastKnownFileType = "wrapper.pb-project"; name = AirMaps.xcodeproj; path = "../node_modules/react-native-maps/ios/AirMaps.xcodeproj"; sourceTree = "<group>"; };
		932669582B404E4400EAD8F9 /* AIRDummyView.m */ = {isa = PBXFileReference; fileEncoding = 4; lastKnownFileType = sourcecode.c.objc; path = AIRDummyView.m; sourceTree = "<group>"; };
		932669592B404E4400EAD8F9 /* AIRGoogleMapWMSTile.h */ = {isa = PBXFileReference; fileEncoding = 4; lastKnownFileType = sourcecode.c.h; path = AIRGoogleMapWMSTile.h; sourceTree = "<group>"; };
		9326695A2B404E4400EAD8F9 /* AIRGoogleMapPolyline.h */ = {isa = PBXFileReference; fileEncoding = 4; lastKnownFileType = sourcecode.c.h; path = AIRGoogleMapPolyline.h; sourceTree = "<group>"; };
		9326695B2B404E4400EAD8F9 /* AIRGoogleMapHeatmapManager.h */ = {isa = PBXFileReference; fileEncoding = 4; lastKnownFileType = sourcecode.c.h; path = AIRGoogleMapHeatmapManager.h; sourceTree = "<group>"; };
		9326695C2B404E4400EAD8F9 /* AIRGoogleMapUrlTile.m */ = {isa = PBXFileReference; fileEncoding = 4; lastKnownFileType = sourcecode.c.objc; path = AIRGoogleMapUrlTile.m; sourceTree = "<group>"; };
		9326695D2B404E4400EAD8F9 /* AIRGoogleMapMarkerManager.h */ = {isa = PBXFileReference; fileEncoding = 4; lastKnownFileType = sourcecode.c.h; path = AIRGoogleMapMarkerManager.h; sourceTree = "<group>"; };
		9326695E2B404E4400EAD8F9 /* AIRGoogleMapCalloutManager.h */ = {isa = PBXFileReference; fileEncoding = 4; lastKnownFileType = sourcecode.c.h; path = AIRGoogleMapCalloutManager.h; sourceTree = "<group>"; };
		9326695F2B404E4400EAD8F9 /* AIRGoogleMapPolygonManager.m */ = {isa = PBXFileReference; fileEncoding = 4; lastKnownFileType = sourcecode.c.objc; path = AIRGoogleMapPolygonManager.m; sourceTree = "<group>"; };
		932669602B404E4400EAD8F9 /* RCTConvert+GMSMapViewType.h */ = {isa = PBXFileReference; fileEncoding = 4; lastKnownFileType = sourcecode.c.h; path = "RCTConvert+GMSMapViewType.h"; sourceTree = "<group>"; };
		932669612B404E4400EAD8F9 /* AIRGoogleMapManager.h */ = {isa = PBXFileReference; fileEncoding = 4; lastKnownFileType = sourcecode.c.h; path = AIRGoogleMapManager.h; sourceTree = "<group>"; };
		932669622B404E4400EAD8F9 /* AIRGoogleMapMarker.m */ = {isa = PBXFileReference; fileEncoding = 4; lastKnownFileType = sourcecode.c.objc; path = AIRGoogleMapMarker.m; sourceTree = "<group>"; };
		932669632B404E4400EAD8F9 /* AIRGMSPolyline.h */ = {isa = PBXFileReference; fileEncoding = 4; lastKnownFileType = sourcecode.c.h; path = AIRGMSPolyline.h; sourceTree = "<group>"; };
		932669642B404E4400EAD8F9 /* AIRGoogleMapPolylineManager.h */ = {isa = PBXFileReference; fileEncoding = 4; lastKnownFileType = sourcecode.c.h; path = AIRGoogleMapPolylineManager.h; sourceTree = "<group>"; };
		932669652B404E4400EAD8F9 /* AIRGoogleMapOverlay.h */ = {isa = PBXFileReference; fileEncoding = 4; lastKnownFileType = sourcecode.c.h; path = AIRGoogleMapOverlay.h; sourceTree = "<group>"; };
		932669662B404E4400EAD8F9 /* AIRGMSPolygon.m */ = {isa = PBXFileReference; fileEncoding = 4; lastKnownFileType = sourcecode.c.objc; path = AIRGMSPolygon.m; sourceTree = "<group>"; };
		932669672B404E4400EAD8F9 /* AIRGoogleMapURLTileManager.m */ = {isa = PBXFileReference; fileEncoding = 4; lastKnownFileType = sourcecode.c.objc; path = AIRGoogleMapURLTileManager.m; sourceTree = "<group>"; };
		932669682B404E4400EAD8F9 /* AIRGoogleMapWMSTileManager.m */ = {isa = PBXFileReference; fileEncoding = 4; lastKnownFileType = sourcecode.c.objc; path = AIRGoogleMapWMSTileManager.m; sourceTree = "<group>"; };
		932669692B404E4400EAD8F9 /* AIRGoogleMapCircle.m */ = {isa = PBXFileReference; fileEncoding = 4; lastKnownFileType = sourcecode.c.objc; path = AIRGoogleMapCircle.m; sourceTree = "<group>"; };
		9326696A2B404E4400EAD8F9 /* AIRGoogleMap.h */ = {isa = PBXFileReference; fileEncoding = 4; lastKnownFileType = sourcecode.c.h; path = AIRGoogleMap.h; sourceTree = "<group>"; };
		9326696B2B404E4400EAD8F9 /* AIRGoogleMapHeatmap.h */ = {isa = PBXFileReference; fileEncoding = 4; lastKnownFileType = sourcecode.c.h; path = AIRGoogleMapHeatmap.h; sourceTree = "<group>"; };
		9326696C2B404E4400EAD8F9 /* AIRGoogleMapOverlayManager.h */ = {isa = PBXFileReference; fileEncoding = 4; lastKnownFileType = sourcecode.c.h; path = AIRGoogleMapOverlayManager.h; sourceTree = "<group>"; };
		9326696D2B404E4400EAD8F9 /* AIRGoogleMapCallout.h */ = {isa = PBXFileReference; fileEncoding = 4; lastKnownFileType = sourcecode.c.h; path = AIRGoogleMapCallout.h; sourceTree = "<group>"; };
		9326696E2B404E4400EAD8F9 /* AIRGoogleMapCalloutSubviewManager.h */ = {isa = PBXFileReference; fileEncoding = 4; lastKnownFileType = sourcecode.c.h; path = AIRGoogleMapCalloutSubviewManager.h; sourceTree = "<group>"; };
		9326696F2B404E4400EAD8F9 /* AIRGoogleMapCalloutSubview.h */ = {isa = PBXFileReference; fileEncoding = 4; lastKnownFileType = sourcecode.c.h; path = AIRGoogleMapCalloutSubview.h; sourceTree = "<group>"; };
		932669702B404E4400EAD8F9 /* AIRGMSMarker.h */ = {isa = PBXFileReference; fileEncoding = 4; lastKnownFileType = sourcecode.c.h; path = AIRGMSMarker.h; sourceTree = "<group>"; };
		932669712B404E4400EAD8F9 /* AIRGoogleMapCircleManager.m */ = {isa = PBXFileReference; fileEncoding = 4; lastKnownFileType = sourcecode.c.objc; path = AIRGoogleMapCircleManager.m; sourceTree = "<group>"; };
		932669722B404E4400EAD8F9 /* AIRGoogleMapPolygon.h */ = {isa = PBXFileReference; fileEncoding = 4; lastKnownFileType = sourcecode.c.h; path = AIRGoogleMapPolygon.h; sourceTree = "<group>"; };
		932669732B404E4400EAD8F9 /* AIRGoogleMapCalloutManager.m */ = {isa = PBXFileReference; fileEncoding = 4; lastKnownFileType = sourcecode.c.objc; path = AIRGoogleMapCalloutManager.m; sourceTree = "<group>"; };
		932669742B404E4400EAD8F9 /* AIRGoogleMapMarkerManager.m */ = {isa = PBXFileReference; fileEncoding = 4; lastKnownFileType = sourcecode.c.objc; path = AIRGoogleMapMarkerManager.m; sourceTree = "<group>"; };
		932669752B404E4400EAD8F9 /* AIRGoogleMapUrlTile.h */ = {isa = PBXFileReference; fileEncoding = 4; lastKnownFileType = sourcecode.c.h; path = AIRGoogleMapUrlTile.h; sourceTree = "<group>"; };
		932669762B404E4400EAD8F9 /* AIRGoogleMapPolyline.m */ = {isa = PBXFileReference; fileEncoding = 4; lastKnownFileType = sourcecode.c.objc; path = AIRGoogleMapPolyline.m; sourceTree = "<group>"; };
		932669772B404E4400EAD8F9 /* AIRGoogleMapHeatmapManager.m */ = {isa = PBXFileReference; fileEncoding = 4; lastKnownFileType = sourcecode.c.objc; path = AIRGoogleMapHeatmapManager.m; sourceTree = "<group>"; };
		932669782B404E4400EAD8F9 /* AIRGoogleMapWMSTile.m */ = {isa = PBXFileReference; fileEncoding = 4; lastKnownFileType = sourcecode.c.objc; path = AIRGoogleMapWMSTile.m; sourceTree = "<group>"; };
		932669792B404E4400EAD8F9 /* AIRDummyView.h */ = {isa = PBXFileReference; fileEncoding = 4; lastKnownFileType = sourcecode.c.h; path = AIRDummyView.h; sourceTree = "<group>"; };
		9326697A2B404E4400EAD8F9 /* AIRGMSPolygon.h */ = {isa = PBXFileReference; fileEncoding = 4; lastKnownFileType = sourcecode.c.h; path = AIRGMSPolygon.h; sourceTree = "<group>"; };
		9326697B2B404E4400EAD8F9 /* AIRGoogleMapOverlay.m */ = {isa = PBXFileReference; fileEncoding = 4; lastKnownFileType = sourcecode.c.objc; path = AIRGoogleMapOverlay.m; sourceTree = "<group>"; };
		9326697C2B404E4400EAD8F9 /* AIRGMSPolyline.m */ = {isa = PBXFileReference; fileEncoding = 4; lastKnownFileType = sourcecode.c.objc; path = AIRGMSPolyline.m; sourceTree = "<group>"; };
		9326697D2B404E4400EAD8F9 /* AIRGoogleMapPolylineManager.m */ = {isa = PBXFileReference; fileEncoding = 4; lastKnownFileType = sourcecode.c.objc; path = AIRGoogleMapPolylineManager.m; sourceTree = "<group>"; };
		9326697E2B404E4400EAD8F9 /* AIRGoogleMapManager.m */ = {isa = PBXFileReference; fileEncoding = 4; lastKnownFileType = sourcecode.c.objc; path = AIRGoogleMapManager.m; sourceTree = "<group>"; };
		9326697F2B404E4400EAD8F9 /* AIRGoogleMapMarker.h */ = {isa = PBXFileReference; fileEncoding = 4; lastKnownFileType = sourcecode.c.h; path = AIRGoogleMapMarker.h; sourceTree = "<group>"; };
		932669802B404E4400EAD8F9 /* AIRGoogleMapPolygonManager.h */ = {isa = PBXFileReference; fileEncoding = 4; lastKnownFileType = sourcecode.c.h; path = AIRGoogleMapPolygonManager.h; sourceTree = "<group>"; };
		932669812B404E4400EAD8F9 /* RCTConvert+GMSMapViewType.m */ = {isa = PBXFileReference; fileEncoding = 4; lastKnownFileType = sourcecode.c.objc; path = "RCTConvert+GMSMapViewType.m"; sourceTree = "<group>"; };
		932669822B404E4400EAD8F9 /* AIRGoogleMapCalloutSubviewManager.m */ = {isa = PBXFileReference; fileEncoding = 4; lastKnownFileType = sourcecode.c.objc; path = AIRGoogleMapCalloutSubviewManager.m; sourceTree = "<group>"; };
		932669832B404E4400EAD8F9 /* AIRGoogleMapCallout.m */ = {isa = PBXFileReference; fileEncoding = 4; lastKnownFileType = sourcecode.c.objc; path = AIRGoogleMapCallout.m; sourceTree = "<group>"; };
		932669842B404E4400EAD8F9 /* AIRGoogleMapOverlayManager.m */ = {isa = PBXFileReference; fileEncoding = 4; lastKnownFileType = sourcecode.c.objc; path = AIRGoogleMapOverlayManager.m; sourceTree = "<group>"; };
		932669852B404E4400EAD8F9 /* AIRGoogleMapHeatmap.m */ = {isa = PBXFileReference; fileEncoding = 4; lastKnownFileType = sourcecode.c.objc; path = AIRGoogleMapHeatmap.m; sourceTree = "<group>"; };
		932669862B404E4400EAD8F9 /* AIRGoogleMap.m */ = {isa = PBXFileReference; fileEncoding = 4; lastKnownFileType = sourcecode.c.objc; path = AIRGoogleMap.m; sourceTree = "<group>"; };
		932669872B404E4400EAD8F9 /* AIRGoogleMapCircle.h */ = {isa = PBXFileReference; fileEncoding = 4; lastKnownFileType = sourcecode.c.h; path = AIRGoogleMapCircle.h; sourceTree = "<group>"; };
		932669882B404E4400EAD8F9 /* AIRGoogleMapWMSTileManager.h */ = {isa = PBXFileReference; fileEncoding = 4; lastKnownFileType = sourcecode.c.h; path = AIRGoogleMapWMSTileManager.h; sourceTree = "<group>"; };
		932669892B404E4400EAD8F9 /* AIRGoogleMapUrlTileManager.h */ = {isa = PBXFileReference; fileEncoding = 4; lastKnownFileType = sourcecode.c.h; path = AIRGoogleMapUrlTileManager.h; sourceTree = "<group>"; };
		9326698A2B404E4400EAD8F9 /* AIRGoogleMapCircleManager.h */ = {isa = PBXFileReference; fileEncoding = 4; lastKnownFileType = sourcecode.c.h; path = AIRGoogleMapCircleManager.h; sourceTree = "<group>"; };
		9326698B2B404E4400EAD8F9 /* AIRGoogleMapPolygon.m */ = {isa = PBXFileReference; fileEncoding = 4; lastKnownFileType = sourcecode.c.objc; path = AIRGoogleMapPolygon.m; sourceTree = "<group>"; };
		9326698C2B404E4400EAD8F9 /* AIRGMSMarker.m */ = {isa = PBXFileReference; fileEncoding = 4; lastKnownFileType = sourcecode.c.objc; path = AIRGMSMarker.m; sourceTree = "<group>"; };
		9326698D2B404E4400EAD8F9 /* AIRGoogleMapCalloutSubview.m */ = {isa = PBXFileReference; fileEncoding = 4; lastKnownFileType = sourcecode.c.objc; path = AIRGoogleMapCalloutSubview.m; sourceTree = "<group>"; };
		932669AB2B404E5500EAD8F9 /* AIRMapLocalTileManager.h */ = {isa = PBXFileReference; fileEncoding = 4; lastKnownFileType = sourcecode.c.h; path = AIRMapLocalTileManager.h; sourceTree = "<group>"; };
		932669AC2B404E5500EAD8F9 /* AIRMapCallout.h */ = {isa = PBXFileReference; fileEncoding = 4; lastKnownFileType = sourcecode.c.h; path = AIRMapCallout.h; sourceTree = "<group>"; };
		932669AD2B404E5500EAD8F9 /* AIRWeakTimerReference.h */ = {isa = PBXFileReference; fileEncoding = 4; lastKnownFileType = sourcecode.c.h; path = AIRWeakTimerReference.h; sourceTree = "<group>"; };
		932669AE2B404E5500EAD8F9 /* AIRMapLocalTileOverlay.h */ = {isa = PBXFileReference; fileEncoding = 4; lastKnownFileType = sourcecode.c.h; path = AIRMapLocalTileOverlay.h; sourceTree = "<group>"; };
		932669AF2B404E5500EAD8F9 /* AIRMapCalloutManager.m */ = {isa = PBXFileReference; fileEncoding = 4; lastKnownFileType = sourcecode.c.objc; path = AIRMapCalloutManager.m; sourceTree = "<group>"; };
		932669B02B404E5500EAD8F9 /* AIRMap.h */ = {isa = PBXFileReference; fileEncoding = 4; lastKnownFileType = sourcecode.c.h; path = AIRMap.h; sourceTree = "<group>"; };
		932669B12B404E5500EAD8F9 /* AIRMapPolygon.h */ = {isa = PBXFileReference; fileEncoding = 4; lastKnownFileType = sourcecode.c.h; path = AIRMapPolygon.h; sourceTree = "<group>"; };
		932669B22B404E5500EAD8F9 /* AIRMapPolygonManager.h */ = {isa = PBXFileReference; fileEncoding = 4; lastKnownFileType = sourcecode.c.h; path = AIRMapPolygonManager.h; sourceTree = "<group>"; };
		932669B32B404E5500EAD8F9 /* AIRMapMarker.h */ = {isa = PBXFileReference; fileEncoding = 4; lastKnownFileType = sourcecode.c.h; path = AIRMapMarker.h; sourceTree = "<group>"; };
		932669B42B404E5500EAD8F9 /* AIRMapCircleManager.h */ = {isa = PBXFileReference; fileEncoding = 4; lastKnownFileType = sourcecode.c.h; path = AIRMapCircleManager.h; sourceTree = "<group>"; };
		932669B52B404E5500EAD8F9 /* AIRWeakMapReference.h */ = {isa = PBXFileReference; fileEncoding = 4; lastKnownFileType = sourcecode.c.h; path = AIRWeakMapReference.h; sourceTree = "<group>"; };
		932669B62B404E5500EAD8F9 /* AIRMapUrlTileCachedOverlay.m */ = {isa = PBXFileReference; fileEncoding = 4; lastKnownFileType = sourcecode.c.objc; path = AIRMapUrlTileCachedOverlay.m; sourceTree = "<group>"; };
		932669B72B404E5500EAD8F9 /* AIRMapPolyline.h */ = {isa = PBXFileReference; fileEncoding = 4; lastKnownFileType = sourcecode.c.h; path = AIRMapPolyline.h; sourceTree = "<group>"; };
		932669B82B404E5500EAD8F9 /* AIRMapLocalTile.m */ = {isa = PBXFileReference; fileEncoding = 4; lastKnownFileType = sourcecode.c.objc; path = AIRMapLocalTile.m; sourceTree = "<group>"; };
		932669B92B404E5500EAD8F9 /* AIRMapWMSTileManager.h */ = {isa = PBXFileReference; fileEncoding = 4; lastKnownFileType = sourcecode.c.h; path = AIRMapWMSTileManager.h; sourceTree = "<group>"; };
		932669BA2B404E5500EAD8F9 /* AIRMapUrlTileManager.h */ = {isa = PBXFileReference; fileEncoding = 4; lastKnownFileType = sourcecode.c.h; path = AIRMapUrlTileManager.h; sourceTree = "<group>"; };
		932669BB2B404E5500EAD8F9 /* AIRMapMarkerManager.m */ = {isa = PBXFileReference; fileEncoding = 4; lastKnownFileType = sourcecode.c.objc; path = AIRMapMarkerManager.m; sourceTree = "<group>"; };
		932669BC2B404E5500EAD8F9 /* AIRMapCalloutSubviewManager.h */ = {isa = PBXFileReference; fileEncoding = 4; lastKnownFileType = sourcecode.c.h; path = AIRMapCalloutSubviewManager.h; sourceTree = "<group>"; };
		932669BD2B404E5500EAD8F9 /* AIRMapUrlTile.m */ = {isa = PBXFileReference; fileEncoding = 4; lastKnownFileType = sourcecode.c.objc; path = AIRMapUrlTile.m; sourceTree = "<group>"; };
		932669BE2B404E5500EAD8F9 /* AIRMapPolylineRenderer.m */ = {isa = PBXFileReference; fileEncoding = 4; lastKnownFileType = sourcecode.c.objc; path = AIRMapPolylineRenderer.m; sourceTree = "<group>"; };
		932669BF2B404E5500EAD8F9 /* AIRMapOverlayManager.m */ = {isa = PBXFileReference; fileEncoding = 4; lastKnownFileType = sourcecode.c.objc; path = AIRMapOverlayManager.m; sourceTree = "<group>"; };
		932669C02B404E5500EAD8F9 /* AIRMapWMSTile.h */ = {isa = PBXFileReference; fileEncoding = 4; lastKnownFileType = sourcecode.c.h; path = AIRMapWMSTile.h; sourceTree = "<group>"; };
		932669C12B404E5500EAD8F9 /* AIRMapCircle.h */ = {isa = PBXFileReference; fileEncoding = 4; lastKnownFileType = sourcecode.c.h; path = AIRMapCircle.h; sourceTree = "<group>"; };
		932669C22B404E5500EAD8F9 /* AIRMapCoordinate.m */ = {isa = PBXFileReference; fileEncoding = 4; lastKnownFileType = sourcecode.c.objc; path = AIRMapCoordinate.m; sourceTree = "<group>"; };
		932669C32B404E5500EAD8F9 /* RCTConvert+AirMap.h */ = {isa = PBXFileReference; fileEncoding = 4; lastKnownFileType = sourcecode.c.h; path = "RCTConvert+AirMap.h"; sourceTree = "<group>"; };
		932669C42B404E5500EAD8F9 /* AIRMapCalloutSubview.m */ = {isa = PBXFileReference; fileEncoding = 4; lastKnownFileType = sourcecode.c.objc; path = AIRMapCalloutSubview.m; sourceTree = "<group>"; };
		932669C52B404E5500EAD8F9 /* AIRMapOverlay.h */ = {isa = PBXFileReference; fileEncoding = 4; lastKnownFileType = sourcecode.c.h; path = AIRMapOverlay.h; sourceTree = "<group>"; };
		932669C62B404E5500EAD8F9 /* AIRMapOverlayRenderer.h */ = {isa = PBXFileReference; fileEncoding = 4; lastKnownFileType = sourcecode.c.h; path = AIRMapOverlayRenderer.h; sourceTree = "<group>"; };
		932669C72B404E5500EAD8F9 /* AIRMapManager.h */ = {isa = PBXFileReference; fileEncoding = 4; lastKnownFileType = sourcecode.c.h; path = AIRMapManager.h; sourceTree = "<group>"; };
		932669C82B404E5500EAD8F9 /* AIRMapPolylineManager.m */ = {isa = PBXFileReference; fileEncoding = 4; lastKnownFileType = sourcecode.c.objc; path = AIRMapPolylineManager.m; sourceTree = "<group>"; };
		932669C92B404E5500EAD8F9 /* AIRMapCalloutManager.h */ = {isa = PBXFileReference; fileEncoding = 4; lastKnownFileType = sourcecode.c.h; path = AIRMapCalloutManager.h; sourceTree = "<group>"; };
		932669CB2B404E5500EAD8F9 /* SMCalloutView.m */ = {isa = PBXFileReference; fileEncoding = 4; lastKnownFileType = sourcecode.c.objc; path = SMCalloutView.m; sourceTree = "<group>"; };
		932669CC2B404E5500EAD8F9 /* SMCalloutView.h */ = {isa = PBXFileReference; fileEncoding = 4; lastKnownFileType = sourcecode.c.h; path = SMCalloutView.h; sourceTree = "<group>"; };
		932669CD2B404E5500EAD8F9 /* AIRMapLocalTileOverlay.m */ = {isa = PBXFileReference; fileEncoding = 4; lastKnownFileType = sourcecode.c.objc; path = AIRMapLocalTileOverlay.m; sourceTree = "<group>"; };
		932669CE2B404E5500EAD8F9 /* AIRWeakTimerReference.m */ = {isa = PBXFileReference; fileEncoding = 4; lastKnownFileType = sourcecode.c.objc; path = AIRWeakTimerReference.m; sourceTree = "<group>"; };
		932669CF2B404E5500EAD8F9 /* AIRMapCallout.m */ = {isa = PBXFileReference; fileEncoding = 4; lastKnownFileType = sourcecode.c.objc; path = AIRMapCallout.m; sourceTree = "<group>"; };
		932669D02B404E5500EAD8F9 /* AIRMapLocalTileManager.m */ = {isa = PBXFileReference; fileEncoding = 4; lastKnownFileType = sourcecode.c.objc; path = AIRMapLocalTileManager.m; sourceTree = "<group>"; };
		932669D12B404E5500EAD8F9 /* AIRMapPolyline.m */ = {isa = PBXFileReference; fileEncoding = 4; lastKnownFileType = sourcecode.c.objc; path = AIRMapPolyline.m; sourceTree = "<group>"; };
		932669D22B404E5500EAD8F9 /* AIRMapSnapshot.h */ = {isa = PBXFileReference; fileEncoding = 4; lastKnownFileType = sourcecode.c.h; path = AIRMapSnapshot.h; sourceTree = "<group>"; };
		932669D32B404E5500EAD8F9 /* AIRWeakMapReference.m */ = {isa = PBXFileReference; fileEncoding = 4; lastKnownFileType = sourcecode.c.objc; path = AIRWeakMapReference.m; sourceTree = "<group>"; };
		932669D42B404E5500EAD8F9 /* AIRMapUrlTileCachedOverlay.h */ = {isa = PBXFileReference; fileEncoding = 4; lastKnownFileType = sourcecode.c.h; path = AIRMapUrlTileCachedOverlay.h; sourceTree = "<group>"; };
		932669D52B404E5500EAD8F9 /* AIRMapCircleManager.m */ = {isa = PBXFileReference; fileEncoding = 4; lastKnownFileType = sourcecode.c.objc; path = AIRMapCircleManager.m; sourceTree = "<group>"; };
		932669D62B404E5500EAD8F9 /* AIRMapMarker.m */ = {isa = PBXFileReference; fileEncoding = 4; lastKnownFileType = sourcecode.c.objc; path = AIRMapMarker.m; sourceTree = "<group>"; };
		932669D72B404E5500EAD8F9 /* AIRMapPolygonManager.m */ = {isa = PBXFileReference; fileEncoding = 4; lastKnownFileType = sourcecode.c.objc; path = AIRMapPolygonManager.m; sourceTree = "<group>"; };
		932669D82B404E5500EAD8F9 /* AIRMapPolygon.m */ = {isa = PBXFileReference; fileEncoding = 4; lastKnownFileType = sourcecode.c.objc; path = AIRMapPolygon.m; sourceTree = "<group>"; };
		932669D92B404E5500EAD8F9 /* AIRMap.m */ = {isa = PBXFileReference; fileEncoding = 4; lastKnownFileType = sourcecode.c.objc; path = AIRMap.m; sourceTree = "<group>"; };
		932669DA2B404E5500EAD8F9 /* AIRMapCoordinate.h */ = {isa = PBXFileReference; fileEncoding = 4; lastKnownFileType = sourcecode.c.h; path = AIRMapCoordinate.h; sourceTree = "<group>"; };
		932669DB2B404E5500EAD8F9 /* AIRMapCircle.m */ = {isa = PBXFileReference; fileEncoding = 4; lastKnownFileType = sourcecode.c.objc; path = AIRMapCircle.m; sourceTree = "<group>"; };
		932669DC2B404E5500EAD8F9 /* AIRMapOverlayManager.h */ = {isa = PBXFileReference; fileEncoding = 4; lastKnownFileType = sourcecode.c.h; path = AIRMapOverlayManager.h; sourceTree = "<group>"; };
		932669DD2B404E5500EAD8F9 /* AIRMapWMSTile.m */ = {isa = PBXFileReference; fileEncoding = 4; lastKnownFileType = sourcecode.c.objc; path = AIRMapWMSTile.m; sourceTree = "<group>"; };
		932669DE2B404E5500EAD8F9 /* AIRMapPolylineRenderer.h */ = {isa = PBXFileReference; fileEncoding = 4; lastKnownFileType = sourcecode.c.h; path = AIRMapPolylineRenderer.h; sourceTree = "<group>"; };
		932669DF2B404E5500EAD8F9 /* AIRMapUrlTile.h */ = {isa = PBXFileReference; fileEncoding = 4; lastKnownFileType = sourcecode.c.h; path = AIRMapUrlTile.h; sourceTree = "<group>"; };
		932669E02B404E5500EAD8F9 /* AIRMapCalloutSubviewManager.m */ = {isa = PBXFileReference; fileEncoding = 4; lastKnownFileType = sourcecode.c.objc; path = AIRMapCalloutSubviewManager.m; sourceTree = "<group>"; };
		932669E12B404E5500EAD8F9 /* AIRMapUrlTileManager.m */ = {isa = PBXFileReference; fileEncoding = 4; lastKnownFileType = sourcecode.c.objc; path = AIRMapUrlTileManager.m; sourceTree = "<group>"; };
		932669E22B404E5500EAD8F9 /* AIRMapMarkerManager.h */ = {isa = PBXFileReference; fileEncoding = 4; lastKnownFileType = sourcecode.c.h; path = AIRMapMarkerManager.h; sourceTree = "<group>"; };
		932669E32B404E5500EAD8F9 /* AIRMapWMSTileManager.m */ = {isa = PBXFileReference; fileEncoding = 4; lastKnownFileType = sourcecode.c.objc; path = AIRMapWMSTileManager.m; sourceTree = "<group>"; };
		932669E42B404E5500EAD8F9 /* AIRMapLocalTile.h */ = {isa = PBXFileReference; fileEncoding = 4; lastKnownFileType = sourcecode.c.h; path = AIRMapLocalTile.h; sourceTree = "<group>"; };
		932669E52B404E5500EAD8F9 /* AIRMapPolylineManager.h */ = {isa = PBXFileReference; fileEncoding = 4; lastKnownFileType = sourcecode.c.h; path = AIRMapPolylineManager.h; sourceTree = "<group>"; };
		932669E62B404E5500EAD8F9 /* AIRMapManager.m */ = {isa = PBXFileReference; fileEncoding = 4; lastKnownFileType = sourcecode.c.objc; path = AIRMapManager.m; sourceTree = "<group>"; };
		932669E72B404E5500EAD8F9 /* AIRMapOverlay.m */ = {isa = PBXFileReference; fileEncoding = 4; lastKnownFileType = sourcecode.c.objc; path = AIRMapOverlay.m; sourceTree = "<group>"; };
		932669E82B404E5500EAD8F9 /* AIRMapOverlayRenderer.m */ = {isa = PBXFileReference; fileEncoding = 4; lastKnownFileType = sourcecode.c.objc; path = AIRMapOverlayRenderer.m; sourceTree = "<group>"; };
		932669E92B404E5500EAD8F9 /* AIRMapCalloutSubview.h */ = {isa = PBXFileReference; fileEncoding = 4; lastKnownFileType = sourcecode.c.h; path = AIRMapCalloutSubview.h; sourceTree = "<group>"; };
		932669EA2B404E5500EAD8F9 /* RCTConvert+AirMap.m */ = {isa = PBXFileReference; fileEncoding = 4; lastKnownFileType = sourcecode.c.objc; path = "RCTConvert+AirMap.m"; sourceTree = "<group>"; };
		93266A112B40552F00EAD8F9 /* AirMaps.xcodeproj */ = {isa = PBXFileReference; lastKnownFileType = "wrapper.pb-project"; name = AirMaps.xcodeproj; path = "../node_modules/react-native-maps/ios/AirMaps.xcodeproj"; sourceTree = "<group>"; };
		9388DB762B3F78BE0014D59D /* react-native-google-maps.podspec */ = {isa = PBXFileReference; lastKnownFileType = text; name = "react-native-google-maps.podspec"; path = "../node_modules/react-native-maps/react-native-google-maps.podspec"; sourceTree = "<group>"; };
		9388DB782B3F78EA0014D59D /* AIRGoogleMap.h */ = {isa = PBXFileReference; lastKnownFileType = sourcecode.c.h; name = AIRGoogleMap.h; path = "../node_modules/react-native-maps/ios/AirGoogleMaps/AIRGoogleMap.h"; sourceTree = "<group>"; };
		AA286B85B6C04FC6940260E9 /* SplashScreen.storyboard */ = {isa = PBXFileReference; fileEncoding = 4; lastKnownFileType = file.storyboard; name = SplashScreen.storyboard; path = luifleet/SplashScreen.storyboard; sourceTree = "<group>"; };
		AF4A5740540E4715A3C62CCA /* luifleet-Bridging-Header.h */ = {isa = PBXFileReference; explicitFileType = undefined; fileEncoding = 4; includeInIndex = 0; lastKnownFileType = sourcecode.c.h; name = "luifleet-Bridging-Header.h"; path = "luifleet/luifleet-Bridging-Header.h"; sourceTree = "<group>"; };
		BB2F792C24A3F905000567C9 /* Expo.plist */ = {isa = PBXFileReference; fileEncoding = 4; lastKnownFileType = text.plist.xml; path = Expo.plist; sourceTree = "<group>"; };
		D3DFEB74929A46E0A33ADDAA /* noop-file.swift */ = {isa = PBXFileReference; explicitFileType = undefined; fileEncoding = 4; includeInIndex = 0; lastKnownFileType = sourcecode.swift; name = "noop-file.swift"; path = "luifleet/noop-file.swift"; sourceTree = "<group>"; };
		ED297162215061F000B7C4FE /* JavaScriptCore.framework */ = {isa = PBXFileReference; lastKnownFileType = wrapper.framework; name = JavaScriptCore.framework; path = System/Library/Frameworks/JavaScriptCore.framework; sourceTree = SDKROOT; };
		FAC715A2D49A985799AEE119 /* ExpoModulesProvider.swift */ = {isa = PBXFileReference; includeInIndex = 1; lastKnownFileType = sourcecode.swift; name = ExpoModulesProvider.swift; path = "Pods/Target Support Files/Pods-luifleet/ExpoModulesProvider.swift"; sourceTree = "<group>"; };
/* End PBXFileReference section */

/* Begin PBXFrameworksBuildPhase section */
		13B07F8C1A680F5B00A75B9A /* Frameworks */ = {
			isa = PBXFrameworksBuildPhase;
			buildActionMask = 2147483647;
			files = (
				96905EF65AED1B983A6B3ABC /* libPods-luifleet.a in Frameworks */,
			);
			runOnlyForDeploymentPostprocessing = 0;
		};
/* End PBXFrameworksBuildPhase section */

/* Begin PBXGroup section */
		13B07FAE1A68108700A75B9A /* luifleet */ = {
			isa = PBXGroup;
			children = (
				BB2F792B24A3F905000567C9 /* Supporting */,
				13B07FAF1A68108700A75B9A /* AppDelegate.h */,
				13B07FB01A68108700A75B9A /* AppDelegate.mm */,
				13B07FB51A68108700A75B9A /* Images.xcassets */,
				13B07FB61A68108700A75B9A /* Info.plist */,
				13B07FB71A68108700A75B9A /* main.m */,
				AA286B85B6C04FC6940260E9 /* SplashScreen.storyboard */,
				D3DFEB74929A46E0A33ADDAA /* noop-file.swift */,
				AF4A5740540E4715A3C62CCA /* luifleet-Bridging-Header.h */,
			);
			name = luifleet;
			sourceTree = "<group>";
		};
		2D16E6871FA4F8E400B85C8A /* Frameworks */ = {
			isa = PBXGroup;
			children = (
				9388DB782B3F78EA0014D59D /* AIRGoogleMap.h */,
				9388DB762B3F78BE0014D59D /* react-native-google-maps.podspec */,
				9303864B2B3F757B00709A38 /* AirMaps.xcodeproj */,
				ED297162215061F000B7C4FE /* JavaScriptCore.framework */,
				58EEBF8E8E6FB1BC6CAF49B5 /* libPods-luifleet.a */,
			);
			name = Frameworks;
			sourceTree = "<group>";
		};
		832341AE1AAA6A7D00B99B32 /* Libraries */ = {
			isa = PBXGroup;
			children = (
				93266A112B40552F00EAD8F9 /* AirMaps.xcodeproj */,
				93266A102B40552F00EAD8F9 /* ios */,
			);
			name = Libraries;
			sourceTree = "<group>";
		};
		83CBB9F61A601CBA00E9B192 = {
			isa = PBXGroup;
			children = (
				932669572B404E4400EAD8F9 /* AirGoogleMaps */,
				932669AA2B404E5500EAD8F9 /* AirMaps */,
				13B07FAE1A68108700A75B9A /* luifleet */,
				832341AE1AAA6A7D00B99B32 /* Libraries */,
				83CBBA001A601CBA00E9B192 /* Products */,
				2D16E6871FA4F8E400B85C8A /* Frameworks */,
				D65327D7A22EEC0BE12398D9 /* Pods */,
				D7E4C46ADA2E9064B798F356 /* ExpoModulesProviders */,
			);
			indentWidth = 2;
			sourceTree = "<group>";
			tabWidth = 2;
			usesTabs = 0;
		};
		83CBBA001A601CBA00E9B192 /* Products */ = {
			isa = PBXGroup;
			children = (
				13B07F961A680F5B00A75B9A /* luifleet.app */,
			);
			name = Products;
			sourceTree = "<group>";
		};
		92DBD88DE9BF7D494EA9DA96 /* luifleet */ = {
			isa = PBXGroup;
			children = (
				FAC715A2D49A985799AEE119 /* ExpoModulesProvider.swift */,
			);
			name = luifleet;
			sourceTree = "<group>";
		};
		9303864C2B3F757B00709A38 /* Products */ = {
			isa = PBXGroup;
			children = (
				930386502B3F757B00709A38 /* libAirMaps.a */,
			);
			name = Products;
			sourceTree = "<group>";
		};
		932669572B404E4400EAD8F9 /* AirGoogleMaps */ = {
			isa = PBXGroup;
			children = (
				932669582B404E4400EAD8F9 /* AIRDummyView.m */,
				932669592B404E4400EAD8F9 /* AIRGoogleMapWMSTile.h */,
				9326695A2B404E4400EAD8F9 /* AIRGoogleMapPolyline.h */,
				9326695B2B404E4400EAD8F9 /* AIRGoogleMapHeatmapManager.h */,
				9326695C2B404E4400EAD8F9 /* AIRGoogleMapUrlTile.m */,
				9326695D2B404E4400EAD8F9 /* AIRGoogleMapMarkerManager.h */,
				9326695E2B404E4400EAD8F9 /* AIRGoogleMapCalloutManager.h */,
				9326695F2B404E4400EAD8F9 /* AIRGoogleMapPolygonManager.m */,
				932669602B404E4400EAD8F9 /* RCTConvert+GMSMapViewType.h */,
				932669612B404E4400EAD8F9 /* AIRGoogleMapManager.h */,
				932669622B404E4400EAD8F9 /* AIRGoogleMapMarker.m */,
				932669632B404E4400EAD8F9 /* AIRGMSPolyline.h */,
				932669642B404E4400EAD8F9 /* AIRGoogleMapPolylineManager.h */,
				932669652B404E4400EAD8F9 /* AIRGoogleMapOverlay.h */,
				932669662B404E4400EAD8F9 /* AIRGMSPolygon.m */,
				932669672B404E4400EAD8F9 /* AIRGoogleMapURLTileManager.m */,
				932669682B404E4400EAD8F9 /* AIRGoogleMapWMSTileManager.m */,
				932669692B404E4400EAD8F9 /* AIRGoogleMapCircle.m */,
				9326696A2B404E4400EAD8F9 /* AIRGoogleMap.h */,
				9326696B2B404E4400EAD8F9 /* AIRGoogleMapHeatmap.h */,
				9326696C2B404E4400EAD8F9 /* AIRGoogleMapOverlayManager.h */,
				9326696D2B404E4400EAD8F9 /* AIRGoogleMapCallout.h */,
				9326696E2B404E4400EAD8F9 /* AIRGoogleMapCalloutSubviewManager.h */,
				9326696F2B404E4400EAD8F9 /* AIRGoogleMapCalloutSubview.h */,
				932669702B404E4400EAD8F9 /* AIRGMSMarker.h */,
				932669712B404E4400EAD8F9 /* AIRGoogleMapCircleManager.m */,
				932669722B404E4400EAD8F9 /* AIRGoogleMapPolygon.h */,
				932669732B404E4400EAD8F9 /* AIRGoogleMapCalloutManager.m */,
				932669742B404E4400EAD8F9 /* AIRGoogleMapMarkerManager.m */,
				932669752B404E4400EAD8F9 /* AIRGoogleMapUrlTile.h */,
				932669762B404E4400EAD8F9 /* AIRGoogleMapPolyline.m */,
				932669772B404E4400EAD8F9 /* AIRGoogleMapHeatmapManager.m */,
				932669782B404E4400EAD8F9 /* AIRGoogleMapWMSTile.m */,
				932669792B404E4400EAD8F9 /* AIRDummyView.h */,
				9326697A2B404E4400EAD8F9 /* AIRGMSPolygon.h */,
				9326697B2B404E4400EAD8F9 /* AIRGoogleMapOverlay.m */,
				9326697C2B404E4400EAD8F9 /* AIRGMSPolyline.m */,
				9326697D2B404E4400EAD8F9 /* AIRGoogleMapPolylineManager.m */,
				9326697E2B404E4400EAD8F9 /* AIRGoogleMapManager.m */,
				9326697F2B404E4400EAD8F9 /* AIRGoogleMapMarker.h */,
				932669802B404E4400EAD8F9 /* AIRGoogleMapPolygonManager.h */,
				932669812B404E4400EAD8F9 /* RCTConvert+GMSMapViewType.m */,
				932669822B404E4400EAD8F9 /* AIRGoogleMapCalloutSubviewManager.m */,
				932669832B404E4400EAD8F9 /* AIRGoogleMapCallout.m */,
				932669842B404E4400EAD8F9 /* AIRGoogleMapOverlayManager.m */,
				932669852B404E4400EAD8F9 /* AIRGoogleMapHeatmap.m */,
				932669862B404E4400EAD8F9 /* AIRGoogleMap.m */,
				932669872B404E4400EAD8F9 /* AIRGoogleMapCircle.h */,
				932669882B404E4400EAD8F9 /* AIRGoogleMapWMSTileManager.h */,
				932669892B404E4400EAD8F9 /* AIRGoogleMapUrlTileManager.h */,
				9326698A2B404E4400EAD8F9 /* AIRGoogleMapCircleManager.h */,
				9326698B2B404E4400EAD8F9 /* AIRGoogleMapPolygon.m */,
				9326698C2B404E4400EAD8F9 /* AIRGMSMarker.m */,
				9326698D2B404E4400EAD8F9 /* AIRGoogleMapCalloutSubview.m */,
			);
			path = AirGoogleMaps;
			sourceTree = "<group>";
		};
		932669AA2B404E5500EAD8F9 /* AirMaps */ = {
			isa = PBXGroup;
			children = (
				932669AB2B404E5500EAD8F9 /* AIRMapLocalTileManager.h */,
				932669AC2B404E5500EAD8F9 /* AIRMapCallout.h */,
				932669AD2B404E5500EAD8F9 /* AIRWeakTimerReference.h */,
				932669AE2B404E5500EAD8F9 /* AIRMapLocalTileOverlay.h */,
				932669AF2B404E5500EAD8F9 /* AIRMapCalloutManager.m */,
				932669B02B404E5500EAD8F9 /* AIRMap.h */,
				932669B12B404E5500EAD8F9 /* AIRMapPolygon.h */,
				932669B22B404E5500EAD8F9 /* AIRMapPolygonManager.h */,
				932669B32B404E5500EAD8F9 /* AIRMapMarker.h */,
				932669B42B404E5500EAD8F9 /* AIRMapCircleManager.h */,
				932669B52B404E5500EAD8F9 /* AIRWeakMapReference.h */,
				932669B62B404E5500EAD8F9 /* AIRMapUrlTileCachedOverlay.m */,
				932669B72B404E5500EAD8F9 /* AIRMapPolyline.h */,
				932669B82B404E5500EAD8F9 /* AIRMapLocalTile.m */,
				932669B92B404E5500EAD8F9 /* AIRMapWMSTileManager.h */,
				932669BA2B404E5500EAD8F9 /* AIRMapUrlTileManager.h */,
				932669BB2B404E5500EAD8F9 /* AIRMapMarkerManager.m */,
				932669BC2B404E5500EAD8F9 /* AIRMapCalloutSubviewManager.h */,
				932669BD2B404E5500EAD8F9 /* AIRMapUrlTile.m */,
				932669BE2B404E5500EAD8F9 /* AIRMapPolylineRenderer.m */,
				932669BF2B404E5500EAD8F9 /* AIRMapOverlayManager.m */,
				932669C02B404E5500EAD8F9 /* AIRMapWMSTile.h */,
				932669C12B404E5500EAD8F9 /* AIRMapCircle.h */,
				932669C22B404E5500EAD8F9 /* AIRMapCoordinate.m */,
				932669C32B404E5500EAD8F9 /* RCTConvert+AirMap.h */,
				932669C42B404E5500EAD8F9 /* AIRMapCalloutSubview.m */,
				932669C52B404E5500EAD8F9 /* AIRMapOverlay.h */,
				932669C62B404E5500EAD8F9 /* AIRMapOverlayRenderer.h */,
				932669C72B404E5500EAD8F9 /* AIRMapManager.h */,
				932669C82B404E5500EAD8F9 /* AIRMapPolylineManager.m */,
				932669C92B404E5500EAD8F9 /* AIRMapCalloutManager.h */,
				932669CA2B404E5500EAD8F9 /* Callout */,
				932669CD2B404E5500EAD8F9 /* AIRMapLocalTileOverlay.m */,
				932669CE2B404E5500EAD8F9 /* AIRWeakTimerReference.m */,
				932669CF2B404E5500EAD8F9 /* AIRMapCallout.m */,
				932669D02B404E5500EAD8F9 /* AIRMapLocalTileManager.m */,
				932669D12B404E5500EAD8F9 /* AIRMapPolyline.m */,
				932669D22B404E5500EAD8F9 /* AIRMapSnapshot.h */,
				932669D32B404E5500EAD8F9 /* AIRWeakMapReference.m */,
				932669D42B404E5500EAD8F9 /* AIRMapUrlTileCachedOverlay.h */,
				932669D52B404E5500EAD8F9 /* AIRMapCircleManager.m */,
				932669D62B404E5500EAD8F9 /* AIRMapMarker.m */,
				932669D72B404E5500EAD8F9 /* AIRMapPolygonManager.m */,
				932669D82B404E5500EAD8F9 /* AIRMapPolygon.m */,
				932669D92B404E5500EAD8F9 /* AIRMap.m */,
				932669DA2B404E5500EAD8F9 /* AIRMapCoordinate.h */,
				932669DB2B404E5500EAD8F9 /* AIRMapCircle.m */,
				932669DC2B404E5500EAD8F9 /* AIRMapOverlayManager.h */,
				932669DD2B404E5500EAD8F9 /* AIRMapWMSTile.m */,
				932669DE2B404E5500EAD8F9 /* AIRMapPolylineRenderer.h */,
				932669DF2B404E5500EAD8F9 /* AIRMapUrlTile.h */,
				932669E02B404E5500EAD8F9 /* AIRMapCalloutSubviewManager.m */,
				932669E12B404E5500EAD8F9 /* AIRMapUrlTileManager.m */,
				932669E22B404E5500EAD8F9 /* AIRMapMarkerManager.h */,
				932669E32B404E5500EAD8F9 /* AIRMapWMSTileManager.m */,
				932669E42B404E5500EAD8F9 /* AIRMapLocalTile.h */,
				932669E52B404E5500EAD8F9 /* AIRMapPolylineManager.h */,
				932669E62B404E5500EAD8F9 /* AIRMapManager.m */,
				932669E72B404E5500EAD8F9 /* AIRMapOverlay.m */,
				932669E82B404E5500EAD8F9 /* AIRMapOverlayRenderer.m */,
				932669E92B404E5500EAD8F9 /* AIRMapCalloutSubview.h */,
				932669EA2B404E5500EAD8F9 /* RCTConvert+AirMap.m */,
			);
			path = AirMaps;
			sourceTree = "<group>";
		};
		932669CA2B404E5500EAD8F9 /* Callout */ = {
			isa = PBXGroup;
			children = (
				932669CB2B404E5500EAD8F9 /* SMCalloutView.m */,
				932669CC2B404E5500EAD8F9 /* SMCalloutView.h */,
			);
			path = Callout;
			sourceTree = "<group>";
		};
		93266A102B40552F00EAD8F9 /* ios */ = {
			isa = PBXGroup;
			children = (
			);
			name = ios;
			path = "../node_modules/react-native-maps/ios";
			sourceTree = "<group>";
		};
		93266A1A2B4065C300EAD8F9 /* Products */ = {
			isa = PBXGroup;
			children = (
				93266A1E2B4065C300EAD8F9 /* libAirMaps.a */,
			);
			name = Products;
			sourceTree = "<group>";
		};
		BB2F792B24A3F905000567C9 /* Supporting */ = {
			isa = PBXGroup;
			children = (
				BB2F792C24A3F905000567C9 /* Expo.plist */,
			);
			name = Supporting;
			path = luifleet/Supporting;
			sourceTree = "<group>";
		};
		D65327D7A22EEC0BE12398D9 /* Pods */ = {
			isa = PBXGroup;
			children = (
				6C2E3173556A471DD304B334 /* Pods-luifleet.debug.xcconfig */,
				7A4D352CD337FB3A3BF06240 /* Pods-luifleet.release.xcconfig */,
			);
			path = Pods;
			sourceTree = "<group>";
		};
		D7E4C46ADA2E9064B798F356 /* ExpoModulesProviders */ = {
			isa = PBXGroup;
			children = (
				92DBD88DE9BF7D494EA9DA96 /* luifleet */,
			);
			name = ExpoModulesProviders;
			sourceTree = "<group>";
		};
/* End PBXGroup section */

/* Begin PBXNativeTarget section */
		13B07F861A680F5B00A75B9A /* luifleet */ = {
			isa = PBXNativeTarget;
			buildConfigurationList = 13B07F931A680F5B00A75B9A /* Build configuration list for PBXNativeTarget "luifleet" */;
			buildPhases = (
				08A4A3CD28434E44B6B9DE2E /* [CP] Check Pods Manifest.lock */,
				FD10A7F022414F080027D42C /* Start Packager */,
				A808107FE1821DEAAFAA8B02 /* [Expo] Configure project */,
				13B07F871A680F5B00A75B9A /* Sources */,
				13B07F8C1A680F5B00A75B9A /* Frameworks */,
				13B07F8E1A680F5B00A75B9A /* Resources */,
				00DD1BFF1BD5951E006B06BC /* Bundle React Native code and images */,
				800E24972A6A228C8D4807E9 /* [CP] Copy Pods Resources */,
				95F52C8B5C4DCC3E815C5937 /* [CP] Embed Pods Frameworks */,
			);
			buildRules = (
			);
			dependencies = (
			);
			name = luifleet;
			productName = luifleet;
			productReference = 13B07F961A680F5B00A75B9A /* luifleet.app */;
			productType = "com.apple.product-type.application";
		};
/* End PBXNativeTarget section */

/* Begin PBXProject section */
		83CBB9F71A601CBA00E9B192 /* Project object */ = {
			isa = PBXProject;
			attributes = {
				BuildIndependentTargetsInParallel = YES;
				LastUpgradeCheck = 1510;
				TargetAttributes = {
					13B07F861A680F5B00A75B9A = {
						LastSwiftMigration = 1250;
					};
				};
			};
			buildConfigurationList = 83CBB9FA1A601CBA00E9B192 /* Build configuration list for PBXProject "luifleet" */;
			compatibilityVersion = "Xcode 3.2";
			developmentRegion = en;
			hasScannedForEncodings = 0;
			knownRegions = (
				en,
				Base,
			);
			mainGroup = 83CBB9F61A601CBA00E9B192;
			productRefGroup = 83CBBA001A601CBA00E9B192 /* Products */;
			projectDirPath = "";
			projectReferences = (
				{
					ProductGroup = 93266A1A2B4065C300EAD8F9 /* Products */;
					ProjectRef = 93266A112B40552F00EAD8F9 /* AirMaps.xcodeproj */;
				},
				{
					ProductGroup = 9303864C2B3F757B00709A38 /* Products */;
					ProjectRef = 9303864B2B3F757B00709A38 /* AirMaps.xcodeproj */;
				},
			);
			projectRoot = "";
			targets = (
				13B07F861A680F5B00A75B9A /* luifleet */,
			);
		};
/* End PBXProject section */

/* Begin PBXReferenceProxy section */
		930386502B3F757B00709A38 /* libAirMaps.a */ = {
			isa = PBXReferenceProxy;
			fileType = archive.ar;
			path = libAirMaps.a;
			remoteRef = 9303864F2B3F757B00709A38 /* PBXContainerItemProxy */;
			sourceTree = BUILT_PRODUCTS_DIR;
		};
		93266A1E2B4065C300EAD8F9 /* libAirMaps.a */ = {
			isa = PBXReferenceProxy;
			fileType = archive.ar;
			path = libAirMaps.a;
			remoteRef = 93266A1D2B4065C300EAD8F9 /* PBXContainerItemProxy */;
			sourceTree = BUILT_PRODUCTS_DIR;
		};
/* End PBXReferenceProxy section */

/* Begin PBXResourcesBuildPhase section */
		13B07F8E1A680F5B00A75B9A /* Resources */ = {
			isa = PBXResourcesBuildPhase;
			buildActionMask = 2147483647;
			files = (
				BB2F792D24A3F905000567C9 /* Expo.plist in Resources */,
				13B07FBF1A68108700A75B9A /* Images.xcassets in Resources */,
				3E461D99554A48A4959DE609 /* SplashScreen.storyboard in Resources */,
			);
			runOnlyForDeploymentPostprocessing = 0;
		};
/* End PBXResourcesBuildPhase section */

/* Begin PBXShellScriptBuildPhase section */
		00DD1BFF1BD5951E006B06BC /* Bundle React Native code and images */ = {
			isa = PBXShellScriptBuildPhase;
			buildActionMask = 2147483647;
			files = (
			);
			inputPaths = (
			);
			name = "Bundle React Native code and images";
			outputPaths = (
			);
			runOnlyForDeploymentPostprocessing = 0;
			shellPath = /bin/sh;
			shellScript = "if [[ -f \"$PODS_ROOT/../.xcode.env\" ]]; then\n  source \"$PODS_ROOT/../.xcode.env\"\nfi\nif [[ -f \"$PODS_ROOT/../.xcode.env.local\" ]]; then\n  source \"$PODS_ROOT/../.xcode.env.local\"\nfi\n\n# The project root by default is one level up from the ios directory\nexport PROJECT_ROOT=\"$PROJECT_DIR\"/..\n\nif [[ \"$CONFIGURATION\" = *Debug* ]]; then\n  export SKIP_BUNDLING=1\nfi\nif [[ -z \"$ENTRY_FILE\" ]]; then\n  # Set the entry JS file using the bundler's entry resolution.\n  export ENTRY_FILE=\"$(\"$NODE_BINARY\" -e \"require('expo/scripts/resolveAppEntry')\" \"$PROJECT_ROOT\" ios relative | tail -n 1)\"\nfi\n\nif [[ -z \"$CLI_PATH\" ]]; then\n  # Use Expo CLI\n  export CLI_PATH=\"$(\"$NODE_BINARY\" --print \"require.resolve('@expo/cli')\")\"\nfi\nif [[ -z \"$BUNDLE_COMMAND\" ]]; then\n  # Default Expo CLI command for bundling\n  export BUNDLE_COMMAND=\"export:embed\"\nfi\n\n`\"$NODE_BINARY\" --print \"require('path').dirname(require.resolve('react-native/package.json')) + '/scripts/react-native-xcode.sh'\"`\n\n";
		};
		08A4A3CD28434E44B6B9DE2E /* [CP] Check Pods Manifest.lock */ = {
			isa = PBXShellScriptBuildPhase;
			buildActionMask = 2147483647;
			files = (
			);
			inputFileListPaths = (
			);
			inputPaths = (
				"${PODS_PODFILE_DIR_PATH}/Podfile.lock",
				"${PODS_ROOT}/Manifest.lock",
			);
			name = "[CP] Check Pods Manifest.lock";
			outputFileListPaths = (
			);
			outputPaths = (
				"$(DERIVED_FILE_DIR)/Pods-luifleet-checkManifestLockResult.txt",
			);
			runOnlyForDeploymentPostprocessing = 0;
			shellPath = /bin/sh;
			shellScript = "diff \"${PODS_PODFILE_DIR_PATH}/Podfile.lock\" \"${PODS_ROOT}/Manifest.lock\" > /dev/null\nif [ $? != 0 ] ; then\n    # print error to STDERR\n    echo \"error: The sandbox is not in sync with the Podfile.lock. Run 'pod install' or update your CocoaPods installation.\" >&2\n    exit 1\nfi\n# This output is used by Xcode 'outputs' to avoid re-running this script phase.\necho \"SUCCESS\" > \"${SCRIPT_OUTPUT_FILE_0}\"\n";
			showEnvVarsInLog = 0;
		};
		800E24972A6A228C8D4807E9 /* [CP] Copy Pods Resources */ = {
			isa = PBXShellScriptBuildPhase;
			buildActionMask = 2147483647;
			files = (
			);
			inputPaths = (
				"${PODS_ROOT}/Target Support Files/Pods-luifleet/Pods-luifleet-resources.sh",
				"${PODS_CONFIGURATION_BUILD_DIR}/EXConstants/EXConstants.bundle",
				"${PODS_ROOT}/GoogleMaps/Maps/Frameworks/GoogleMaps.xcframework/ios-arm64/GoogleMaps.framework/Resources/GoogleMaps.bundle",
				"${PODS_ROOT}/GoogleMaps/Maps/Frameworks/GoogleMaps.xcframework/ios-arm64_x86_64-simulator/GoogleMaps.framework/Resources/GoogleMaps.bundle",
				"${PODS_CONFIGURATION_BUILD_DIR}/GoogleSignIn/GoogleSignIn.bundle",
				"${PODS_CONFIGURATION_BUILD_DIR}/React-Core/AccessibilityResources.bundle",
			);
			name = "[CP] Copy Pods Resources";
			outputPaths = (
				"${TARGET_BUILD_DIR}/${UNLOCALIZED_RESOURCES_FOLDER_PATH}/EXConstants.bundle",
				"${TARGET_BUILD_DIR}/${UNLOCALIZED_RESOURCES_FOLDER_PATH}/GoogleMaps.bundle",
				"${TARGET_BUILD_DIR}/${UNLOCALIZED_RESOURCES_FOLDER_PATH}/GoogleSignIn.bundle",
				"${TARGET_BUILD_DIR}/${UNLOCALIZED_RESOURCES_FOLDER_PATH}/AccessibilityResources.bundle",
			);
			runOnlyForDeploymentPostprocessing = 0;
			shellPath = /bin/sh;
			shellScript = "\"${PODS_ROOT}/Target Support Files/Pods-luifleet/Pods-luifleet-resources.sh\"\n";
			showEnvVarsInLog = 0;
		};
		95F52C8B5C4DCC3E815C5937 /* [CP] Embed Pods Frameworks */ = {
			isa = PBXShellScriptBuildPhase;
			buildActionMask = 2147483647;
			files = (
			);
			inputPaths = (
				"${PODS_ROOT}/Target Support Files/Pods-luifleet/Pods-luifleet-frameworks.sh",
				"${PODS_XCFRAMEWORKS_BUILD_DIR}/hermes-engine/Pre-built/hermes.framework/hermes",
			);
			name = "[CP] Embed Pods Frameworks";
			outputPaths = (
				"${TARGET_BUILD_DIR}/${FRAMEWORKS_FOLDER_PATH}/hermes.framework",
			);
			runOnlyForDeploymentPostprocessing = 0;
			shellPath = /bin/sh;
			shellScript = "\"${PODS_ROOT}/Target Support Files/Pods-luifleet/Pods-luifleet-frameworks.sh\"\n";
			showEnvVarsInLog = 0;
		};
		A808107FE1821DEAAFAA8B02 /* [Expo] Configure project */ = {
			isa = PBXShellScriptBuildPhase;
			alwaysOutOfDate = 1;
			buildActionMask = 2147483647;
			files = (
			);
			inputFileListPaths = (
			);
			inputPaths = (
			);
			name = "[Expo] Configure project";
			outputFileListPaths = (
			);
			outputPaths = (
			);
			runOnlyForDeploymentPostprocessing = 0;
			shellPath = /bin/sh;
			shellScript = "# This script configures Expo modules and generates the modules provider file.\nbash -l -c \"./Pods/Target\\ Support\\ Files/Pods-luifleet/expo-configure-project.sh\"\n";
		};
		FD10A7F022414F080027D42C /* Start Packager */ = {
			isa = PBXShellScriptBuildPhase;
			buildActionMask = 2147483647;
			files = (
			);
			inputFileListPaths = (
			);
			inputPaths = (
			);
			name = "Start Packager";
			outputFileListPaths = (
			);
			outputPaths = (
			);
			runOnlyForDeploymentPostprocessing = 0;
			shellPath = /bin/sh;
			shellScript = "if [[ -f \"$PODS_ROOT/../.xcode.env\" ]]; then\n  source \"$PODS_ROOT/../.xcode.env\"\nfi\nif [[ -f \"$PODS_ROOT/../.xcode.env.local\" ]]; then\n  source \"$PODS_ROOT/../.xcode.env.local\"\nfi\n\nexport RCT_METRO_PORT=\"${RCT_METRO_PORT:=8081}\"\necho \"export RCT_METRO_PORT=${RCT_METRO_PORT}\" > `$NODE_BINARY --print \"require('path').dirname(require.resolve('react-native/package.json')) + '/scripts/.packager.env'\"`\nif [ -z \"${RCT_NO_LAUNCH_PACKAGER+xxx}\" ] ; then\n  if nc -w 5 -z localhost ${RCT_METRO_PORT} ; then\n    if ! curl -s \"http://localhost:${RCT_METRO_PORT}/status\" | grep -q \"packager-status:running\" ; then\n      echo \"Port ${RCT_METRO_PORT} already in use, packager is either not running or not running correctly\"\n      exit 2\n    fi\n  else\n    open `$NODE_BINARY --print \"require('path').dirname(require.resolve('expo/package.json')) + '/scripts/launchPackager.command'\"` || echo \"Can't start packager automatically\"\n  fi\nfi\n";
			showEnvVarsInLog = 0;
		};
/* End PBXShellScriptBuildPhase section */

/* Begin PBXSourcesBuildPhase section */
		13B07F871A680F5B00A75B9A /* Sources */ = {
			isa = PBXSourcesBuildPhase;
			buildActionMask = 2147483647;
			files = (
				932669F62B404E5500EAD8F9 /* AIRMapLocalTileOverlay.m in Sources */,
				93266A042B404E5500EAD8F9 /* AIRMapUrlTileManager.m in Sources */,
				932669FB2B404E5500EAD8F9 /* AIRWeakMapReference.m in Sources */,
				932669932B404E4400EAD8F9 /* AIRGMSPolygon.m in Sources */,
				9326699B2B404E4400EAD8F9 /* AIRGoogleMapHeatmapManager.m in Sources */,
				932669922B404E4400EAD8F9 /* AIRGoogleMapMarker.m in Sources */,
				932669ED2B404E5500EAD8F9 /* AIRMapLocalTile.m in Sources */,
				932669A42B404E4400EAD8F9 /* AIRGoogleMapOverlayManager.m in Sources */,
				932669A62B404E4400EAD8F9 /* AIRGoogleMap.m in Sources */,
				9326698F2B404E4400EAD8F9 /* AIRDummyView.m in Sources */,
				932669F52B404E5500EAD8F9 /* SMCalloutView.m in Sources */,
				932669982B404E4400EAD8F9 /* AIRGoogleMapCalloutManager.m in Sources */,
				93266A002B404E5500EAD8F9 /* AIRMap.m in Sources */,
				9326699A2B404E4400EAD8F9 /* AIRGoogleMapPolyline.m in Sources */,
				932669EE2B404E5500EAD8F9 /* AIRMapMarkerManager.m in Sources */,
				932669FD2B404E5500EAD8F9 /* AIRMapMarker.m in Sources */,
				13B07FBC1A68108700A75B9A /* AppDelegate.mm in Sources */,
				932669942B404E4400EAD8F9 /* AIRGoogleMapURLTileManager.m in Sources */,
				932669F32B404E5500EAD8F9 /* AIRMapCalloutSubview.m in Sources */,
				932669EC2B404E5500EAD8F9 /* AIRMapUrlTileCachedOverlay.m in Sources */,
				932669902B404E4400EAD8F9 /* AIRGoogleMapUrlTile.m in Sources */,
				932669A22B404E4400EAD8F9 /* AIRGoogleMapCalloutSubviewManager.m in Sources */,
				13B07FC11A68108700A75B9A /* main.m in Sources */,
				93266A032B404E5500EAD8F9 /* AIRMapCalloutSubviewManager.m in Sources */,
				93266A062B404E5500EAD8F9 /* AIRMapManager.m in Sources */,
				932669972B404E4400EAD8F9 /* AIRGoogleMapCircleManager.m in Sources */,
				932669FC2B404E5500EAD8F9 /* AIRMapCircleManager.m in Sources */,
				932669F82B404E5500EAD8F9 /* AIRMapCallout.m in Sources */,
				93266A082B404E5500EAD8F9 /* AIRMapOverlayRenderer.m in Sources */,
				9326699F2B404E4400EAD8F9 /* AIRGoogleMapPolylineManager.m in Sources */,
				932669A92B404E4400EAD8F9 /* AIRGoogleMapCalloutSubview.m in Sources */,
				932669A02B404E4400EAD8F9 /* AIRGoogleMapManager.m in Sources */,
				932669A12B404E4400EAD8F9 /* RCTConvert+GMSMapViewType.m in Sources */,
				B18059E884C0ABDD17F3DC3D /* ExpoModulesProvider.swift in Sources */,
				932669F12B404E5500EAD8F9 /* AIRMapOverlayManager.m in Sources */,
				932669F72B404E5500EAD8F9 /* AIRWeakTimerReference.m in Sources */,
				932669FE2B404E5500EAD8F9 /* AIRMapPolygonManager.m in Sources */,
				9326699D2B404E4400EAD8F9 /* AIRGoogleMapOverlay.m in Sources */,
				932669962B404E4400EAD8F9 /* AIRGoogleMapCircle.m in Sources */,
				932669A32B404E4400EAD8F9 /* AIRGoogleMapCallout.m in Sources */,
				932669992B404E4400EAD8F9 /* AIRGoogleMapMarkerManager.m in Sources */,
				93266A092B404E5500EAD8F9 /* RCTConvert+AirMap.m in Sources */,
				EDCB070F6F4E473B984ECCC6 /* noop-file.swift in Sources */,
				932669F02B404E5500EAD8F9 /* AIRMapPolylineRenderer.m in Sources */,
				932669912B404E4400EAD8F9 /* AIRGoogleMapPolygonManager.m in Sources */,
				9326699C2B404E4400EAD8F9 /* AIRGoogleMapWMSTile.m in Sources */,
				932669FF2B404E5500EAD8F9 /* AIRMapPolygon.m in Sources */,
				932669EF2B404E5500EAD8F9 /* AIRMapUrlTile.m in Sources */,
				932669F42B404E5500EAD8F9 /* AIRMapPolylineManager.m in Sources */,
				932669FA2B404E5500EAD8F9 /* AIRMapPolyline.m in Sources */,
				932669EB2B404E5500EAD8F9 /* AIRMapCalloutManager.m in Sources */,
				932669F22B404E5500EAD8F9 /* AIRMapCoordinate.m in Sources */,
				9326699E2B404E4400EAD8F9 /* AIRGMSPolyline.m in Sources */,
				93266A022B404E5500EAD8F9 /* AIRMapWMSTile.m in Sources */,
				932669A82B404E4400EAD8F9 /* AIRGMSMarker.m in Sources */,
				93266A012B404E5500EAD8F9 /* AIRMapCircle.m in Sources */,
				93266A052B404E5500EAD8F9 /* AIRMapWMSTileManager.m in Sources */,
				932669952B404E4400EAD8F9 /* AIRGoogleMapWMSTileManager.m in Sources */,
				932669A72B404E4400EAD8F9 /* AIRGoogleMapPolygon.m in Sources */,
				932669A52B404E4400EAD8F9 /* AIRGoogleMapHeatmap.m in Sources */,
				93266A072B404E5500EAD8F9 /* AIRMapOverlay.m in Sources */,
				932669F92B404E5500EAD8F9 /* AIRMapLocalTileManager.m in Sources */,
			);
			runOnlyForDeploymentPostprocessing = 0;
		};
/* End PBXSourcesBuildPhase section */

/* Begin XCBuildConfiguration section */
		13B07F941A680F5B00A75B9A /* Debug */ = {
			isa = XCBuildConfiguration;
			baseConfigurationReference = 6C2E3173556A471DD304B334 /* Pods-luifleet.debug.xcconfig */;
			buildSettings = {
				ASSETCATALOG_COMPILER_APPICON_NAME = AppIcon;
				CLANG_ENABLE_MODULES = YES;
				CODE_SIGN_ENTITLEMENTS = luifleet/luifleet.entitlements;
				CURRENT_PROJECT_VERSION = 1;
				DEVELOPMENT_TEAM = KR8226JKT9;
				ENABLE_BITCODE = NO;
				ENABLE_USER_SCRIPT_SANDBOXING = NO;
				GCC_PREPROCESSOR_DEFINITIONS = (
					"$(inherited)",
					"FB_SONARKIT_ENABLED=1",
				);
				INFOPLIST_FILE = luifleet/Info.plist;
				IPHONEOS_DEPLOYMENT_TARGET = 13.0;
				LD_RUNPATH_SEARCH_PATHS = (
					"$(inherited)",
					"@executable_path/Frameworks",
				);
				MARKETING_VERSION = 1.0;
				OTHER_LDFLAGS = (
					"$(inherited)",
					"-ObjC",
					"-lc++",
				);
				OTHER_SWIFT_FLAGS = "$(inherited) -D EXPO_CONFIGURATION_DEBUG";
				PRODUCT_BUNDLE_IDENTIFIER = com.luiz.luifleet;
				PRODUCT_NAME = luifleet;
				SWIFT_OBJC_BRIDGING_HEADER = "luifleet/luifleet-Bridging-Header.h";
				SWIFT_OPTIMIZATION_LEVEL = "-Onone";
				SWIFT_VERSION = 5.0;
				TARGETED_DEVICE_FAMILY = "1,2";
				VERSIONING_SYSTEM = "apple-generic";
			};
			name = Debug;
		};
		13B07F951A680F5B00A75B9A /* Release */ = {
			isa = XCBuildConfiguration;
			baseConfigurationReference = 7A4D352CD337FB3A3BF06240 /* Pods-luifleet.release.xcconfig */;
			buildSettings = {
				ASSETCATALOG_COMPILER_APPICON_NAME = AppIcon;
				CLANG_ENABLE_MODULES = YES;
				CODE_SIGN_ENTITLEMENTS = luifleet/luifleet.entitlements;
				CURRENT_PROJECT_VERSION = 1;
				DEVELOPMENT_TEAM = KR8226JKT9;
				ENABLE_USER_SCRIPT_SANDBOXING = NO;
				"GCC_PREPROCESSOR_DEFINITIONS[arch=*]" = "HAVE_GOOGLE_MAPS=1\n\nHAVE_GOOGLE_MAPS=1\n\nHAVE_GOOGLE_MAPS=1\n\nHAVE_GOOGLE_MAPS=1\n\nHAVE_GOOGLE_MAPS=1\n\nHAVE_GOOGLE_MAPS=1\n\nHAVE_GOOGLE_MAPS=1";
				INFOPLIST_FILE = luifleet/Info.plist;
				IPHONEOS_DEPLOYMENT_TARGET = 13.0;
				LD_RUNPATH_SEARCH_PATHS = (
					"$(inherited)",
					"@executable_path/Frameworks",
				);
				MARKETING_VERSION = 1.0;
				OTHER_LDFLAGS = (
					"$(inherited)",
					"-ObjC",
					"-lc++",
				);
				OTHER_SWIFT_FLAGS = "$(inherited) -D EXPO_CONFIGURATION_RELEASE";
				PRODUCT_BUNDLE_IDENTIFIER = com.luiz.luifleet;
				PRODUCT_NAME = luifleet;
				SWIFT_OBJC_BRIDGING_HEADER = "luifleet/luifleet-Bridging-Header.h";
				SWIFT_VERSION = 5.0;
				TARGETED_DEVICE_FAMILY = "1,2";
				VERSIONING_SYSTEM = "apple-generic";
			};
			name = Release;
		};
		83CBBA201A601CBA00E9B192 /* Debug */ = {
			isa = XCBuildConfiguration;
			buildSettings = {
				ALWAYS_SEARCH_USER_PATHS = NO;
				CLANG_ANALYZER_LOCALIZABILITY_NONLOCALIZED = YES;
				CLANG_CXX_LANGUAGE_STANDARD = "c++17";
				CLANG_CXX_LIBRARY = "libc++";
				CLANG_ENABLE_MODULES = YES;
				CLANG_ENABLE_OBJC_ARC = YES;
				CLANG_WARN_BLOCK_CAPTURE_AUTORELEASING = YES;
				CLANG_WARN_BOOL_CONVERSION = YES;
				CLANG_WARN_COMMA = YES;
				CLANG_WARN_CONSTANT_CONVERSION = YES;
				CLANG_WARN_DEPRECATED_OBJC_IMPLEMENTATIONS = YES;
				CLANG_WARN_DIRECT_OBJC_ISA_USAGE = YES_ERROR;
				CLANG_WARN_EMPTY_BODY = YES;
				CLANG_WARN_ENUM_CONVERSION = YES;
				CLANG_WARN_INFINITE_RECURSION = YES;
				CLANG_WARN_INT_CONVERSION = YES;
				CLANG_WARN_NON_LITERAL_NULL_CONVERSION = YES;
				CLANG_WARN_OBJC_IMPLICIT_RETAIN_SELF = YES;
				CLANG_WARN_OBJC_LITERAL_CONVERSION = YES;
				CLANG_WARN_OBJC_ROOT_CLASS = YES_ERROR;
				CLANG_WARN_QUOTED_INCLUDE_IN_FRAMEWORK_HEADER = YES;
				CLANG_WARN_RANGE_LOOP_ANALYSIS = YES;
				CLANG_WARN_STRICT_PROTOTYPES = YES;
				CLANG_WARN_SUSPICIOUS_MOVE = YES;
				CLANG_WARN_UNREACHABLE_CODE = YES;
				CLANG_WARN__DUPLICATE_METHOD_MATCH = YES;
				"CODE_SIGN_IDENTITY[sdk=iphoneos*]" = "iPhone Developer";
				COPY_PHASE_STRIP = NO;
				ENABLE_STRICT_OBJC_MSGSEND = YES;
				ENABLE_TESTABILITY = YES;
				ENABLE_USER_SCRIPT_SANDBOXING = YES;
				"EXCLUDED_ARCHS[sdk=iphonesimulator*]" = i386;
				GCC_C_LANGUAGE_STANDARD = gnu99;
				GCC_DYNAMIC_NO_PIC = NO;
				GCC_NO_COMMON_BLOCKS = YES;
				GCC_OPTIMIZATION_LEVEL = 0;
				GCC_PREPROCESSOR_DEFINITIONS = (
					"DEBUG=1",
					"$(inherited)",
					_LIBCPP_ENABLE_CXX17_REMOVED_UNARY_BINARY_FUNCTION,
				);
				GCC_SYMBOLS_PRIVATE_EXTERN = NO;
				GCC_WARN_64_TO_32_BIT_CONVERSION = YES;
				GCC_WARN_ABOUT_RETURN_TYPE = YES_ERROR;
				GCC_WARN_UNDECLARED_SELECTOR = YES;
				GCC_WARN_UNINITIALIZED_AUTOS = YES_AGGRESSIVE;
				GCC_WARN_UNUSED_FUNCTION = YES;
				GCC_WARN_UNUSED_VARIABLE = YES;
				IPHONEOS_DEPLOYMENT_TARGET = 13.0;
				LD_RUNPATH_SEARCH_PATHS = (
					/usr/lib/swift,
					"$(inherited)",
				);
				LIBRARY_SEARCH_PATHS = "$(SDKROOT)/usr/lib/swift\"$(inherited)\"";
				MTL_ENABLE_DEBUG_INFO = YES;
				ONLY_ACTIVE_ARCH = YES;
				OTHER_CFLAGS = "$(inherited)";
				OTHER_CPLUSPLUSFLAGS = "$(inherited)";
				OTHER_LDFLAGS = (
					"$(inherited)",
					"-Wl",
					"-ld_classic",
				);
				REACT_NATIVE_PATH = "${PODS_ROOT}/../../node_modules/react-native";
				SDKROOT = iphoneos;
			};
			name = Debug;
		};
		83CBBA211A601CBA00E9B192 /* Release */ = {
			isa = XCBuildConfiguration;
			buildSettings = {
				ALWAYS_SEARCH_USER_PATHS = NO;
				CLANG_ANALYZER_LOCALIZABILITY_NONLOCALIZED = YES;
				CLANG_CXX_LANGUAGE_STANDARD = "c++17";
				CLANG_CXX_LIBRARY = "libc++";
				CLANG_ENABLE_MODULES = YES;
				CLANG_ENABLE_OBJC_ARC = YES;
				CLANG_WARN_BLOCK_CAPTURE_AUTORELEASING = YES;
				CLANG_WARN_BOOL_CONVERSION = YES;
				CLANG_WARN_COMMA = YES;
				CLANG_WARN_CONSTANT_CONVERSION = YES;
				CLANG_WARN_DEPRECATED_OBJC_IMPLEMENTATIONS = YES;
				CLANG_WARN_DIRECT_OBJC_ISA_USAGE = YES_ERROR;
				CLANG_WARN_EMPTY_BODY = YES;
				CLANG_WARN_ENUM_CONVERSION = YES;
				CLANG_WARN_INFINITE_RECURSION = YES;
				CLANG_WARN_INT_CONVERSION = YES;
				CLANG_WARN_NON_LITERAL_NULL_CONVERSION = YES;
				CLANG_WARN_OBJC_IMPLICIT_RETAIN_SELF = YES;
				CLANG_WARN_OBJC_LITERAL_CONVERSION = YES;
				CLANG_WARN_OBJC_ROOT_CLASS = YES_ERROR;
				CLANG_WARN_QUOTED_INCLUDE_IN_FRAMEWORK_HEADER = YES;
				CLANG_WARN_RANGE_LOOP_ANALYSIS = YES;
				CLANG_WARN_STRICT_PROTOTYPES = YES;
				CLANG_WARN_SUSPICIOUS_MOVE = YES;
				CLANG_WARN_UNREACHABLE_CODE = YES;
				CLANG_WARN__DUPLICATE_METHOD_MATCH = YES;
				"CODE_SIGN_IDENTITY[sdk=iphoneos*]" = "iPhone Developer";
				COPY_PHASE_STRIP = YES;
				ENABLE_NS_ASSERTIONS = NO;
				ENABLE_STRICT_OBJC_MSGSEND = YES;
				ENABLE_USER_SCRIPT_SANDBOXING = YES;
				"EXCLUDED_ARCHS[sdk=iphonesimulator*]" = i386;
				GCC_C_LANGUAGE_STANDARD = gnu99;
				GCC_NO_COMMON_BLOCKS = YES;
				GCC_PREPROCESSOR_DEFINITIONS = (
					"$(inherited)",
					_LIBCPP_ENABLE_CXX17_REMOVED_UNARY_BINARY_FUNCTION,
				);
				GCC_WARN_64_TO_32_BIT_CONVERSION = YES;
				GCC_WARN_ABOUT_RETURN_TYPE = YES_ERROR;
				GCC_WARN_UNDECLARED_SELECTOR = YES;
				GCC_WARN_UNINITIALIZED_AUTOS = YES_AGGRESSIVE;
				GCC_WARN_UNUSED_FUNCTION = YES;
				GCC_WARN_UNUSED_VARIABLE = YES;
				IPHONEOS_DEPLOYMENT_TARGET = 13.0;
				LD_RUNPATH_SEARCH_PATHS = (
					/usr/lib/swift,
					"$(inherited)",
				);
				LIBRARY_SEARCH_PATHS = "$(SDKROOT)/usr/lib/swift\"$(inherited)\"";
				MTL_ENABLE_DEBUG_INFO = NO;
				OTHER_CFLAGS = "$(inherited)";
				OTHER_CPLUSPLUSFLAGS = "$(inherited)";
				OTHER_LDFLAGS = (
					"$(inherited)",
					"-Wl",
					"-ld_classic",
				);
				REACT_NATIVE_PATH = "${PODS_ROOT}/../../node_modules/react-native";
				SDKROOT = iphoneos;
				SWIFT_COMPILATION_MODE = wholemodule;
				VALIDATE_PRODUCT = YES;
			};
			name = Release;
		};
/* End XCBuildConfiguration section */

/* Begin XCConfigurationList section */
		13B07F931A680F5B00A75B9A /* Build configuration list for PBXNativeTarget "luifleet" */ = {
			isa = XCConfigurationList;
			buildConfigurations = (
				13B07F941A680F5B00A75B9A /* Debug */,
				13B07F951A680F5B00A75B9A /* Release */,
			);
			defaultConfigurationIsVisible = 0;
			defaultConfigurationName = Release;
		};
		83CBB9FA1A601CBA00E9B192 /* Build configuration list for PBXProject "luifleet" */ = {
			isa = XCConfigurationList;
			buildConfigurations = (
				83CBBA201A601CBA00E9B192 /* Debug */,
				83CBBA211A601CBA00E9B192 /* Release */,
			);
			defaultConfigurationIsVisible = 0;
			defaultConfigurationName = Release;
		};
/* End XCConfigurationList section */
	};
	rootObject = 83CBB9F71A601CBA00E9B192 /* Project object */;
}
